# This file is automatically @generated by Poetry 1.6.1 and should not be changed by hand.

[[package]]
name = "pymupdf"
version = "1.23.5"
description = "A high performance Python library for data extraction, analysis, conversion & manipulation of PDF (and other) documents."
optional = false
python-versions = ">=3.8"
files = [
    {file = "PyMuPDF-1.23.5-cp310-none-macosx_10_9_x86_64.whl", hash = "sha256:c71b5e80a08272b9f3012314dc47ee2423270b30262d07ec7dd9709ae2bde1ac"},
    {file = "PyMuPDF-1.23.5-cp310-none-macosx_11_0_arm64.whl", hash = "sha256:4b1bd9a91dee18bc95d7af2c593a214857a03e4fcd9a1eb01588df432de24c58"},
    {file = "PyMuPDF-1.23.5-cp310-none-manylinux2014_aarch64.whl", hash = "sha256:eafa1bce0860320ddbb7edb4ab5678e02051db5450251ba8e918713d9a70c03c"},
    {file = "PyMuPDF-1.23.5-cp310-none-manylinux2014_x86_64.whl", hash = "sha256:29e1d82b16f7580280ae35a0ae78de55f15c92ec87b7f3a1372f40f37a053bf3"},
    {file = "PyMuPDF-1.23.5-cp310-none-win32.whl", hash = "sha256:d3bef175707693a2f53fe0fe4e546e3187c7876aedabfe43d9a916060bac9073"},
    {file = "PyMuPDF-1.23.5-cp310-none-win_amd64.whl", hash = "sha256:da1b08b5348152f2940fa183d0265a6b6eb6f0292fae44b576eaf8e53723e336"},
    {file = "PyMuPDF-1.23.5-cp311-none-macosx_10_9_x86_64.whl", hash = "sha256:59755a600c25a282589b548ffa045aed59c2df7b76943978cabb1825f0c03ec4"},
    {file = "PyMuPDF-1.23.5-cp311-none-macosx_11_0_arm64.whl", hash = "sha256:264d5f6478d787c336520cf1a99e39bb6a0ef6d984550f925095c0e692dea7b5"},
    {file = "PyMuPDF-1.23.5-cp311-none-manylinux2014_aarch64.whl", hash = "sha256:3f5fc705e8790217d23ab5e7ac2c05d82e050f6271b710300288adfe87a71072"},
    {file = "PyMuPDF-1.23.5-cp311-none-manylinux2014_x86_64.whl", hash = "sha256:ee9e9ce1897eeac0fc33cf99084067c14250312a5dbc1372012c3d2f0e7a4af5"},
    {file = "PyMuPDF-1.23.5-cp311-none-win32.whl", hash = "sha256:d2e9cfa46193fab196c27cb07561e1bb0938450984c2f01b3739f254a31b639e"},
    {file = "PyMuPDF-1.23.5-cp311-none-win_amd64.whl", hash = "sha256:31405311c28fc8b3b2975a98b60bac388563748beaacb6da470f917678417e2d"},
    {file = "PyMuPDF-1.23.5-cp312-none-macosx_10_9_x86_64.whl", hash = "sha256:64ab1097e3a077ae9db6a98d01e2e77087894ebd85b702edf5eb85d05ab8c0f1"},
    {file = "PyMuPDF-1.23.5-cp312-none-macosx_11_0_arm64.whl", hash = "sha256:f7a8f91681b88ad216c36911e08ea25d2b3121350d52f4f8d76aeb0b7fcc6bef"},
    {file = "PyMuPDF-1.23.5-cp312-none-manylinux2014_aarch64.whl", hash = "sha256:bb345ef1120db4f78ec0f229514d333ea3e7d367875c1400423a9b3e2b48ffc0"},
    {file = "PyMuPDF-1.23.5-cp312-none-manylinux2014_x86_64.whl", hash = "sha256:9bde3683e254661e6b0032006f0ef7025ade2a33d3e3045499e71b76ea99942c"},
    {file = "PyMuPDF-1.23.5-cp312-none-win32.whl", hash = "sha256:3a01c93c69e74068c1618631a750677fd088708d2b09b3c23809b099fa4ffa39"},
    {file = "PyMuPDF-1.23.5-cp312-none-win_amd64.whl", hash = "sha256:693979ad4c8885729ac126b3202f1cb645f3392ad7e0964c2d924e61bc0e0a9d"},
    {file = "PyMuPDF-1.23.5-cp38-none-macosx_10_9_x86_64.whl", hash = "sha256:9586bc98a322e546cf2e477309806aa4a3e1d18efc9b93fc2e2b3d8131e1b9f7"},
    {file = "PyMuPDF-1.23.5-cp38-none-macosx_11_0_arm64.whl", hash = "sha256:faebdf8679706964f87617ee43b8d0107587d20b526892b538222146a4c32d43"},
    {file = "PyMuPDF-1.23.5-cp38-none-manylinux2014_aarch64.whl", hash = "sha256:3400b582be3d71f1c0974701fcfda32f0c2ebb75a78c2aea430552b0c6896546"},
    {file = "PyMuPDF-1.23.5-cp38-none-manylinux2014_x86_64.whl", hash = "sha256:fab599d23fa490725e5b5a70bfb6bc87acf5ceb70abe11ad2ef2b2f516961f31"},
    {file = "PyMuPDF-1.23.5-cp38-none-win32.whl", hash = "sha256:53278c6a3d0a5dc8f221e0a77c065a61fd0598f9d8d9ef5be53de0c0a7d2df90"},
    {file = "PyMuPDF-1.23.5-cp38-none-win_amd64.whl", hash = "sha256:dbce86df507f6bce118b12b33d893f1d3512013c898174211e903da78e1916aa"},
    {file = "PyMuPDF-1.23.5-cp39-none-macosx_10_9_x86_64.whl", hash = "sha256:b234805b615b2d45dcb1bfe5c2167dc4121e31d618ab557856a3153b94c1676b"},
    {file = "PyMuPDF-1.23.5-cp39-none-macosx_11_0_arm64.whl", hash = "sha256:4a53b2bf19be687160e4d18c27680e5326687aa39a7e31641d32a61edadbbfd9"},
    {file = "PyMuPDF-1.23.5-cp39-none-manylinux2014_aarch64.whl", hash = "sha256:705a7aed0a917c35bb5efa4d94a7e8092705b3395726f9770d2b888de775f437"},
    {file = "PyMuPDF-1.23.5-cp39-none-manylinux2014_x86_64.whl", hash = "sha256:332c1d5633c233458c4b65e6ad4a860391c507384bd2324a186b2702f8c64dfe"},
    {file = "PyMuPDF-1.23.5-cp39-none-win32.whl", hash = "sha256:435a108cf8b53302500b52adb2cccbf2afa51c94ab3c705b250245090b46f5da"},
    {file = "PyMuPDF-1.23.5-cp39-none-win_amd64.whl", hash = "sha256:460b47a1a17335d444ec441b68c083da5e51cdfcfa67a6638de69fe5e97f4ad2"},
    {file = "PyMuPDF-1.23.5.tar.gz", hash = "sha256:4508ee04c46cac8356a9d04f0d9a63f845770d2abb54caf512b44d22f0e80300"},
]

[package.dependencies]
PyMuPDFb = "1.23.5"

[[package]]
name = "pymupdfb"
version = "1.23.5"
description = "MuPDF shared libraries for PyMuPDF."
optional = false
python-versions = ">=3.8"
files = [
    {file = "PyMuPDFb-1.23.5-py3-none-macosx_10_9_x86_64.whl", hash = "sha256:d0095f28b2bcd64ed8a9636dfba193108eeb6c24d0ec71fa3f88cb15aee67a30"},
    {file = "PyMuPDFb-1.23.5-py3-none-macosx_11_0_arm64.whl", hash = "sha256:80137c37a4b0d5abeb988434c7d7eb3f9087afdd0754f4bf2f8840a788e691ae"},
    {file = "PyMuPDFb-1.23.5-py3-none-manylinux2014_aarch64.manylinux_2_17_aarch64.whl", hash = "sha256:e26705e1a4ea42926b70c5655f2509d555a4774d1d1382ecc7e76466695209e6"},
    {file = "PyMuPDFb-1.23.5-py3-none-manylinux2014_x86_64.manylinux_2_17_x86_64.whl", hash = "sha256:2b71b5b7987f2ebe9f6893544151ede2de74ec30651eef584039eb5f9c7c02aa"},
    {file = "PyMuPDFb-1.23.5-py3-none-win32.whl", hash = "sha256:f269814bafdffd5558d44af3de63eaa531d498de640a79cf6c7072011fd4088f"},
    {file = "PyMuPDFb-1.23.5-py3-none-win_amd64.whl", hash = "sha256:85cbc308085a4ec794e0da790965985cc5ccb21b2abc09732e072f6eaf10150b"},
]

[metadata]
lock-version = "2.0"
python-versions = "^3.11"
content-hash = "bab6275de0006cec791677263afbf56b985ce758dda651a3c9ba5b32ba67f15c"
